
Microsoft Visual Studio Solution File, Format Version 12.00
# Visual Studio Version 17
VisualStudioVersion = 17.8.34601.278
MinimumVisualStudioVersion = 10.0.40219.1
Project("{FAE04EC0-301F-11D3-BF4B-00C04F79EFBC}") = "Demo1-Day2", "Demo1-Day2\Demo1-Day2.csproj", "{22AA623A-826C-4771-8D12-C8185AE26264}"
EndProject
Global
	GlobalSection(SolutionConfigurationPlatforms) = preSolution
		Debug|Any CPU = Debug|Any CPU
		Release|Any CPU = Release|Any CPU
	EndGlobalSection
	GlobalSection(ProjectConfigurationPlatforms) = postSolution
		{22AA623A-826C-4771-8D12-C8185AE26264}.Debug|Any CPU.ActiveCfg = Debug|Any CPU
		{22AA623A-826C-4771-8D12-C8185AE26264}.Debug|Any CPU.Build.0 = Debug|Any CPU
		{22AA623A-826C-4771-8D12-C8185AE26264}.Release|Any CPU.ActiveCfg = Release|Any CPU
		{22AA623A-826C-4771-8D12-C8185AE26264}.Release|Any CPU.Build.0 = Release|Any CPU
	EndGlobalSection
	GlobalSection(SolutionProperties) = preSolution
		HideSolutionNode = FALSE
	EndGlobalSection
	GlobalSection(ExtensibilityGlobals) = postSolution
		SolutionGuid = {AC88C28A-076A-4E88-B5D4-4908BE68F3FE}
	EndGlobalSection
EndGlobal
